download_onet_data:
  cmd: wget https://www.onetcenter.org/dl_files/database/db_20_1_text/Sample%20of%20Reported%20Titles.txt
    -O data/onet_data.txt
  outs:
  - path: data/onet_data.txt
    md5: fe55895b2c1895874eda924dd3aa0b2e
download_onet_job_titles:
  cmd: wget https://www.onetcenter.org/dl_files/database/db_25_0_text/Occupation%20Data.txt
    -O data/onet_job_titles.txt
  outs:
  - path: data/onet_job_titles.txt
    md5: e605b12440aaec67fef979521ef98907
modify_data:
  cmd: python src/modify_data.py
  outs:
  - path: data/modified_data.csv
    md5: 650c6ac4e43ffa3cc8ea84cdbe238e9a
